
Microsoft Visual Studio Solution File, Format Version 12.00
Project("{FAE04EC0-301F-11D3-BF4B-00C04F79EFBC}") = "CompensaIdentityApi", "CompensaIdentityApi\CompensaIdentityApi.csproj", "{EA0CC772-0318-4384-A2EC-E1C426BDCE1B}"
EndProject
Global
	GlobalSection(SolutionConfigurationPlatforms) = preSolution
		Debug|Any CPU = Debug|Any CPU
		Release|Any CPU = Release|Any CPU
	EndGlobalSection
	GlobalSection(ProjectConfigurationPlatforms) = postSolution
		{EA0CC772-0318-4384-A2EC-E1C426BDCE1B}.Debug|Any CPU.ActiveCfg = Debug|Any CPU
		{EA0CC772-0318-4384-A2EC-E1C426BDCE1B}.Debug|Any CPU.Build.0 = Debug|Any CPU
		{EA0CC772-0318-4384-A2EC-E1C426BDCE1B}.Release|Any CPU.ActiveCfg = Release|Any CPU
		{EA0CC772-0318-4384-A2EC-E1C426BDCE1B}.Release|Any CPU.Build.0 = Release|Any CPU
	EndGlobalSection
EndGlobal
